// !$*UTF8*$!
{
	archiveVersion = 1;
	classes = {
	};
	objectVersion = 46;
	objects = {

/* Begin PBXBuildFile section */
		5B03E9EE15EF7219005058AA /* PhotosViewController.m in Sources */ = {isa = PBXBuildFile; fileRef = 5B03E9ED15EF7219005058AA /* PhotosViewController.m */; };
		5B03E9F015EF7910005058AA /* placeholder-130.png in Resources */ = {isa = PBXBuildFile; fileRef = 5B03E9EF15EF7910005058AA /* placeholder-130.png */; };
		5B03E9F315EF890A005058AA /* collect-buttons.png in Resources */ = {isa = PBXBuildFile; fileRef = 5B03E9F115EF890A005058AA /* collect-buttons.png */; };
		5B03E9F415EF890A005058AA /* collect-buttons@2x.png in Resources */ = {isa = PBXBuildFile; fileRef = 5B03E9F215EF890A005058AA /* collect-buttons@2x.png */; };
		5B2BBA2915F0F5D20058316C /* Favourite.m in Sources */ = {isa = PBXBuildFile; fileRef = 5B2BBA2815F0F5D20058316C /* Favourite.m */; };
		5B2BBA2F15F0FD920058316C /* me-bg.png in Resources */ = {isa = PBXBuildFile; fileRef = 5B2BBA2D15F0FD920058316C /* me-bg.png */; };
		5B2BBA3015F0FD920058316C /* me-bg@2x.png in Resources */ = {isa = PBXBuildFile; fileRef = 5B2BBA2E15F0FD920058316C /* me-bg@2x.png */; };
		5B3D7A9A15EE5C89002B2D2F /* NewsViewController.m in Sources */ = {isa = PBXBuildFile; fileRef = 5B3D7A9915EE5C89002B2D2F /* NewsViewController.m */; };
		5B3D7A9D15EE6990002B2D2F /* NewsItemViewController.m in Sources */ = {isa = PBXBuildFile; fileRef = 5B3D7A9C15EE6990002B2D2F /* NewsItemViewController.m */; };
		5B3D7AA015EE74A8002B2D2F /* AboutViewController.m in Sources */ = {isa = PBXBuildFile; fileRef = 5B3D7A9F15EE74A8002B2D2F /* AboutViewController.m */; };
		5B416FF315EFB7EA0003E694 /* collect-work-button-active.png in Resources */ = {isa = PBXBuildFile; fileRef = 5B416FD415EFB7EA0003E694 /* collect-work-button-active.png */; };
		5B416FF415EFB7EA0003E694 /* collect-work-button-active@2x.png in Resources */ = {isa = PBXBuildFile; fileRef = 5B416FD515EFB7EA0003E694 /* collect-work-button-active@2x.png */; };
		5B416FF515EFB7EA0003E694 /* collect-work-button.png in Resources */ = {isa = PBXBuildFile; fileRef = 5B416FD615EFB7EA0003E694 /* collect-work-button.png */; };
		5B416FF615EFB7EA0003E694 /* collect-work-button@2x.png in Resources */ = {isa = PBXBuildFile; fileRef = 5B416FD715EFB7EA0003E694 /* collect-work-button@2x.png */; };
		5B41701015EFC6F30003E694 /* ProfileViewController.m in Sources */ = {isa = PBXBuildFile; fileRef = 5B41700F15EFC6F20003E694 /* ProfileViewController.m */; };
		5B41B94515E7D22B00D64906 /* Map.png in Resources */ = {isa = PBXBuildFile; fileRef = 5B41B94415E7D22B00D64906 /* Map.png */; };
		5B41B94815E7D29D00D64906 /* MapViewController.m in Sources */ = {isa = PBXBuildFile; fileRef = 5B41B94715E7D29D00D64906 /* MapViewController.m */; };
		5B41B94E15E7F30E00D64906 /* Defaults.plist in Resources */ = {isa = PBXBuildFile; fileRef = 5B41B94D15E7F30E00D64906 /* Defaults.plist */; };
		5B5AB5B815F8F2D6001E5B3F /* ExploreViewController.m in Sources */ = {isa = PBXBuildFile; fileRef = 5B5AB5B715F8F2D6001E5B3F /* ExploreViewController.m */; };
		5B6C971617A6670A0092A31D /* Default-568h@2x.png in Resources */ = {isa = PBXBuildFile; fileRef = 5B6C971517A6670A0092A31D /* Default-568h@2x.png */; };
		5B750D2615EFA24200B2D770 /* PhotoViewController.m in Sources */ = {isa = PBXBuildFile; fileRef = 5B750D2515EFA24200B2D770 /* PhotoViewController.m */; };
		5B799DCE17A92D4D00ABE3D8 /* Default-568h@2x.png in Resources */ = {isa = PBXBuildFile; fileRef = 5B799DCD17A92D4D00ABE3D8 /* Default-568h@2x.png */; };
		5B87369215F50BB0000B12BD /* FavouritesSync.m in Sources */ = {isa = PBXBuildFile; fileRef = 5B87369115F50BB0000B12BD /* FavouritesSync.m */; };
		5B8BD25115ECC1D1004285FC /* PhotographerViewController.m in Sources */ = {isa = PBXBuildFile; fileRef = 5B8BD25015ECC1D1004285FC /* PhotographerViewController.m */; };
		5B8BD26A15ECD364004285FC /* Photographer.m in Sources */ = {isa = PBXBuildFile; fileRef = 5B8BD26915ECD364004285FC /* Photographer.m */; };
		5B8BD26D15ECD705004285FC /* Photo.m in Sources */ = {isa = PBXBuildFile; fileRef = 5B8BD26C15ECD704004285FC /* Photo.m */; };
		5B8BD26F15ECE7EB004285FC /* placeholder.png in Resources */ = {isa = PBXBuildFile; fileRef = 5B8BD26E15ECE7EB004285FC /* placeholder.png */; };
		5B8BD27115ECE9BB004285FC /* placeholder-290.png in Resources */ = {isa = PBXBuildFile; fileRef = 5B8BD27015ECE9BB004285FC /* placeholder-290.png */; };
		5B8BD27415ECF0F7004285FC /* DDPageControl.m in Sources */ = {isa = PBXBuildFile; fileRef = 5B8BD27315ECF0F7004285FC /* DDPageControl.m */; settings = {COMPILER_FLAGS = "-fno-objc-arc"; }; };
		5B8BD27A15ED122E004285FC /* placeholder-55.png in Resources */ = {isa = PBXBuildFile; fileRef = 5B8BD27915ED122E004285FC /* placeholder-55.png */; };
		5B923F9115E67310009B81B7 /* Unseen.xcdatamodel in Sources */ = {isa = PBXBuildFile; fileRef = 5B923F8D15E67310009B81B7 /* Unseen.xcdatamodel */; };
		5B923F9715E67695009B81B7 /* Event.m in Sources */ = {isa = PBXBuildFile; fileRef = 5B923F9615E67695009B81B7 /* Event.m */; };
		5B923F9915E67DBF009B81B7 /* UnseenSeed.sqlite in Resources */ = {isa = PBXBuildFile; fileRef = 5B923F9815E67DBF009B81B7 /* UnseenSeed.sqlite */; };
		5B923F9C15E6898E009B81B7 /* EventViewController.m in Sources */ = {isa = PBXBuildFile; fileRef = 5B923F9B15E6898D009B81B7 /* EventViewController.m */; };
		5BA8387016034A580074E59B /* libShareKit.a in Frameworks */ = {isa = PBXBuildFile; fileRef = 5BDB85C41603402D00C093C9 /* libShareKit.a */; };
		5BA8387316034D0A0074E59B /* UnseenShareKitConfigurator.m in Sources */ = {isa = PBXBuildFile; fileRef = 5BA8387216034D0A0074E59B /* UnseenShareKitConfigurator.m */; };
		5BBF7DD715E7AE3300C21F03 /* libSDWebImageARC.a in Frameworks */ = {isa = PBXBuildFile; fileRef = 5BBF7DD215E7ADEF00C21F03 /* libSDWebImageARC.a */; };
		5BBF7DD915E7AE3F00C21F03 /* ImageIO.framework in Frameworks */ = {isa = PBXBuildFile; fileRef = 5BBF7DD815E7AE3E00C21F03 /* ImageIO.framework */; };
		5BBF7DDC15E7C23400C21F03 /* Gallery.m in Sources */ = {isa = PBXBuildFile; fileRef = 5BBF7DDB15E7C23400C21F03 /* Gallery.m */; };
		5BBF7DDF15E7C45800C21F03 /* GalleriesViewController.m in Sources */ = {isa = PBXBuildFile; fileRef = 5BBF7DDE15E7C45700C21F03 /* GalleriesViewController.m */; };
		5BBF7DE215E7CBD300C21F03 /* PhotographersViewController.m in Sources */ = {isa = PBXBuildFile; fileRef = 5BBF7DE115E7CBD300C21F03 /* PhotographersViewController.m */; };
		5BD375FA15EE18540027BA9E /* GalleryViewController.m in Sources */ = {isa = PBXBuildFile; fileRef = 5BD375F915EE18540027BA9E /* GalleryViewController.m */; };
		5BD375FD15EE3E790027BA9E /* Page.m in Sources */ = {isa = PBXBuildFile; fileRef = 5BD375FC15EE3E790027BA9E /* Page.m */; };
		5BD8280115F78E52005FCB79 /* favourite-button-active.png in Resources */ = {isa = PBXBuildFile; fileRef = 5BD827FD15F78E52005FCB79 /* favourite-button-active.png */; };
		5BD8280215F78E52005FCB79 /* favourite-button-active@2x.png in Resources */ = {isa = PBXBuildFile; fileRef = 5BD827FE15F78E52005FCB79 /* favourite-button-active@2x.png */; };
		5BD8280315F78E52005FCB79 /* favourite-button.png in Resources */ = {isa = PBXBuildFile; fileRef = 5BD827FF15F78E52005FCB79 /* favourite-button.png */; };
		5BD8280415F78E52005FCB79 /* favourite-button@2x.png in Resources */ = {isa = PBXBuildFile; fileRef = 5BD8280015F78E52005FCB79 /* favourite-button@2x.png */; };
		5BD8280915F7A18E005FCB79 /* heart-active.png in Resources */ = {isa = PBXBuildFile; fileRef = 5BD8280515F7A18E005FCB79 /* heart-active.png */; };
		5BD8280A15F7A18E005FCB79 /* heart-active@2x.png in Resources */ = {isa = PBXBuildFile; fileRef = 5BD8280615F7A18E005FCB79 /* heart-active@2x.png */; };
		5BD8280B15F7A18E005FCB79 /* heart.png in Resources */ = {isa = PBXBuildFile; fileRef = 5BD8280715F7A18E005FCB79 /* heart.png */; };
		5BD8280C15F7A18E005FCB79 /* heart@2x.png in Resources */ = {isa = PBXBuildFile; fileRef = 5BD8280815F7A18E005FCB79 /* heart@2x.png */; };
		5BD8280F15F7A39B005FCB79 /* heart-selected.png in Resources */ = {isa = PBXBuildFile; fileRef = 5BD8280D15F7A39B005FCB79 /* heart-selected.png */; };
		5BD8281015F7A39B005FCB79 /* heart-selected@2x.png in Resources */ = {isa = PBXBuildFile; fileRef = 5BD8280E15F7A39B005FCB79 /* heart-selected@2x.png */; };
		5BDB85CF160340C600C093C9 /* ShareKit.bundle in Resources */ = {isa = PBXBuildFile; fileRef = 5BDB85C61603402D00C093C9 /* ShareKit.bundle */; };
		5BDB85D1160340FA00C093C9 /* MessageUI.framework in Frameworks */ = {isa = PBXBuildFile; fileRef = 5BDB85D0160340FA00C093C9 /* MessageUI.framework */; };
		5BDB85D31603410000C093C9 /* Twitter.framework in Frameworks */ = {isa = PBXBuildFile; fileRef = 5BDB85D21603410000C093C9 /* Twitter.framework */; };
		5BDB85D51603410F00C093C9 /* CoreLocation.framework in Frameworks */ = {isa = PBXBuildFile; fileRef = 5BDB85D41603410F00C093C9 /* CoreLocation.framework */; };
		5BDB85D71603411B00C093C9 /* CoreFoundation.framework in Frameworks */ = {isa = PBXBuildFile; fileRef = 5BDB85D61603411A00C093C9 /* CoreFoundation.framework */; settings = {ATTRIBUTES = (Weak, ); }; };
		5BE5533115E622DC000F78BA /* UIKit.framework in Frameworks */ = {isa = PBXBuildFile; fileRef = 5BE5533015E622DC000F78BA /* UIKit.framework */; };
		5BE5533315E622DC000F78BA /* Foundation.framework in Frameworks */ = {isa = PBXBuildFile; fileRef = 5BE5533215E622DC000F78BA /* Foundation.framework */; };
		5BE5533515E622DC000F78BA /* CoreGraphics.framework in Frameworks */ = {isa = PBXBuildFile; fileRef = 5BE5533415E622DC000F78BA /* CoreGraphics.framework */; };
		5BE5533B15E622DC000F78BA /* InfoPlist.strings in Resources */ = {isa = PBXBuildFile; fileRef = 5BE5533915E622DC000F78BA /* InfoPlist.strings */; };
		5BE5533D15E622DC000F78BA /* main.m in Sources */ = {isa = PBXBuildFile; fileRef = 5BE5533C15E622DC000F78BA /* main.m */; };
		5BE5534115E622DC000F78BA /* AppDelegate.m in Sources */ = {isa = PBXBuildFile; fileRef = 5BE5534015E622DC000F78BA /* AppDelegate.m */; };
		5BE5534415E622DC000F78BA /* MainStoryboard.storyboard in Resources */ = {isa = PBXBuildFile; fileRef = 5BE5534215E622DC000F78BA /* MainStoryboard.storyboard */; };
		5BE5534E15E622DC000F78BA /* CollectViewController.m in Sources */ = {isa = PBXBuildFile; fileRef = 5BE5534D15E622DC000F78BA /* CollectViewController.m */; };
		5BE5536F15E624AC000F78BA /* active-tab-bg.png in Resources */ = {isa = PBXBuildFile; fileRef = 5BE5535D15E624AC000F78BA /* active-tab-bg.png */; };
		5BE5537015E624AC000F78BA /* active-tab-bg@2x.png in Resources */ = {isa = PBXBuildFile; fileRef = 5BE5535E15E624AC000F78BA /* active-tab-bg@2x.png */; };
		5BE5537115E624AC000F78BA /* collect-tab.png in Resources */ = {isa = PBXBuildFile; fileRef = 5BE5535F15E624AC000F78BA /* collect-tab.png */; };
		5BE5537215E624AC000F78BA /* collect-tab@2x.png in Resources */ = {isa = PBXBuildFile; fileRef = 5BE5536015E624AC000F78BA /* collect-tab@2x.png */; };
		5BE5537315E624AC000F78BA /* Default.png in Resources */ = {isa = PBXBuildFile; fileRef = 5BE5536115E624AC000F78BA /* Default.png */; };
		5BE5537415E624AC000F78BA /* Default@2x.png in Resources */ = {isa = PBXBuildFile; fileRef = 5BE5536215E624AC000F78BA /* Default@2x.png */; };
		5BE5537515E624AC000F78BA /* fair-tab.png in Resources */ = {isa = PBXBuildFile; fileRef = 5BE5536315E624AC000F78BA /* fair-tab.png */; };
		5BE5537615E624AC000F78BA /* fair-tab@2x.png in Resources */ = {isa = PBXBuildFile; fileRef = 5BE5536415E624AC000F78BA /* fair-tab@2x.png */; };
		5BE5537715E624AC000F78BA /* Icon.png in Resources */ = {isa = PBXBuildFile; fileRef = 5BE5536515E624AC000F78BA /* Icon.png */; };
		5BE5537815E624AC000F78BA /* Icon@2x.png in Resources */ = {isa = PBXBuildFile; fileRef = 5BE5536615E624AC000F78BA /* Icon@2x.png */; };
		5BE5537915E624AC000F78BA /* me-tab.png in Resources */ = {isa = PBXBuildFile; fileRef = 5BE5536715E624AC000F78BA /* me-tab.png */; };
		5BE5537A15E624AC000F78BA /* me-tab@2x.png in Resources */ = {isa = PBXBuildFile; fileRef = 5BE5536815E624AC000F78BA /* me-tab@2x.png */; };
		5BE5537B15E624AC000F78BA /* more-tab.png in Resources */ = {isa = PBXBuildFile; fileRef = 5BE5536915E624AC000F78BA /* more-tab.png */; };
		5BE5537C15E624AC000F78BA /* more-tab@2x.png in Resources */ = {isa = PBXBuildFile; fileRef = 5BE5536A15E624AC000F78BA /* more-tab@2x.png */; };
		5BE5537D15E624AC000F78BA /* news-tab.png in Resources */ = {isa = PBXBuildFile; fileRef = 5BE5536B15E624AC000F78BA /* news-tab.png */; };
		5BE5537E15E624AC000F78BA /* news-tab@2x.png in Resources */ = {isa = PBXBuildFile; fileRef = 5BE5536C15E624AC000F78BA /* news-tab@2x.png */; };
		5BE5537F15E624AC000F78BA /* tab-bar-bg.png in Resources */ = {isa = PBXBuildFile; fileRef = 5BE5536D15E624AC000F78BA /* tab-bar-bg.png */; };
		5BE5538015E624AC000F78BA /* tab-bar-bg@2x.png in Resources */ = {isa = PBXBuildFile; fileRef = 5BE5536E15E624AC000F78BA /* tab-bar-bg@2x.png */; };
		5BE5538315E625AE000F78BA /* collect-bg.png in Resources */ = {isa = PBXBuildFile; fileRef = 5BE5538115E625AE000F78BA /* collect-bg.png */; };
		5BE5538415E625AE000F78BA /* collect-bg@2x.png in Resources */ = {isa = PBXBuildFile; fileRef = 5BE5538215E625AE000F78BA /* collect-bg@2x.png */; };
		5BE5538D15E62892000F78BA /* Apercu-Bold.otf in Resources */ = {isa = PBXBuildFile; fileRef = 5BE5538B15E62892000F78BA /* Apercu-Bold.otf */; };
		5BE5538E15E62892000F78BA /* Apercu.otf in Resources */ = {isa = PBXBuildFile; fileRef = 5BE5538C15E62892000F78BA /* Apercu.otf */; };
		5BE5539115E62B21000F78BA /* FairViewController.m in Sources */ = {isa = PBXBuildFile; fileRef = 5BE5539015E62B21000F78BA /* FairViewController.m */; };
		5BE5539815E638C5000F78BA /* ProgrammeViewController.m in Sources */ = {isa = PBXBuildFile; fileRef = 5BE5539715E638C5000F78BA /* ProgrammeViewController.m */; };
		5BE553C215E64306000F78BA /* libRestKit.a in Frameworks */ = {isa = PBXBuildFile; fileRef = 5BE553B715E6426F000F78BA /* libRestKit.a */; };
		5BE553C415E64315000F78BA /* CFNetwork.framework in Frameworks */ = {isa = PBXBuildFile; fileRef = 5BE553C315E64315000F78BA /* CFNetwork.framework */; };
		5BE553C615E64323000F78BA /* CoreData.framework in Frameworks */ = {isa = PBXBuildFile; fileRef = 5BE553C515E64323000F78BA /* CoreData.framework */; };
		5BE553C815E6432B000F78BA /* MobileCoreServices.framework in Frameworks */ = {isa = PBXBuildFile; fileRef = 5BE553C715E6432B000F78BA /* MobileCoreServices.framework */; };
		5BE553CA15E6433A000F78BA /* Security.framework in Frameworks */ = {isa = PBXBuildFile; fileRef = 5BE553C915E6433A000F78BA /* Security.framework */; };
		5BE553CC15E64342000F78BA /* SystemConfiguration.framework in Frameworks */ = {isa = PBXBuildFile; fileRef = 5BE553CB15E64342000F78BA /* SystemConfiguration.framework */; };
		5BE553CE15E6434D000F78BA /* QuartzCore.framework in Frameworks */ = {isa = PBXBuildFile; fileRef = 5BE553CD15E6434D000F78BA /* QuartzCore.framework */; };
		5BE553D015E64358000F78BA /* libxml2.dylib in Frameworks */ = {isa = PBXBuildFile; fileRef = 5BE553CF15E64358000F78BA /* libxml2.dylib */; };
/* End PBXBuildFile section */

/* Begin PBXContainerItemProxy section */
		5BBF7DCF15E7ADEF00C21F03 /* PBXContainerItemProxy */ = {
			isa = PBXContainerItemProxy;
			containerPortal = 5BBF7DC615E7ADEE00C21F03 /* SDWebImage.xcodeproj */;
			proxyType = 2;
			remoteGlobalIDString = 53922D6F148C55820056699D;
			remoteInfo = SDWebImage;
		};
		5BBF7DD115E7ADEF00C21F03 /* PBXContainerItemProxy */ = {
			isa = PBXContainerItemProxy;
			containerPortal = 5BBF7DC615E7ADEE00C21F03 /* SDWebImage.xcodeproj */;
			proxyType = 2;
			remoteGlobalIDString = 53761325155AD0D5005750A4;
			remoteInfo = "SDWebImage ARC";
		};
		5BBF7DD315E7ADEF00C21F03 /* PBXContainerItemProxy */ = {
			isa = PBXContainerItemProxy;
			containerPortal = 5BBF7DC615E7ADEE00C21F03 /* SDWebImage.xcodeproj */;
			proxyType = 2;
			remoteGlobalIDString = 531041E0157EAFA400BBABC3;
			remoteInfo = "SDWebImage ARC+MKAnnotation";
		};
		5BBF7DD515E7AE2000C21F03 /* PBXContainerItemProxy */ = {
			isa = PBXContainerItemProxy;
			containerPortal = 5BBF7DC615E7ADEE00C21F03 /* SDWebImage.xcodeproj */;
			proxyType = 1;
			remoteGlobalIDString = 53761307155AD0D5005750A4;
			remoteInfo = "SDWebImage ARC";
		};
		5BDB85C11603402D00C093C9 /* PBXContainerItemProxy */ = {
			isa = PBXContainerItemProxy;
			containerPortal = 5BDB85B61603402C00C093C9 /* ShareKit.xcodeproj */;
			proxyType = 2;
			remoteGlobalIDString = 1D6058910D05DD3D006BFB54;
			remoteInfo = "Demo App";
		};
		5BDB85C31603402D00C093C9 /* PBXContainerItemProxy */ = {
			isa = PBXContainerItemProxy;
			containerPortal = 5BDB85B61603402C00C093C9 /* ShareKit.xcodeproj */;
			proxyType = 2;
			remoteGlobalIDString = 7AB5342E1552AADD00171BCE;
			remoteInfo = "Static Library";
		};
		5BDB85C51603402D00C093C9 /* PBXContainerItemProxy */ = {
			isa = PBXContainerItemProxy;
			containerPortal = 5BDB85B61603402C00C093C9 /* ShareKit.xcodeproj */;
			proxyType = 2;
			remoteGlobalIDString = 7AB5360F1552E26800171BCE;
			remoteInfo = "Resource Bundle";
		};
		5BDB85C71603402D00C093C9 /* PBXContainerItemProxy */ = {
			isa = PBXContainerItemProxy;
			containerPortal = 5BDB85B61603402C00C093C9 /* ShareKit.xcodeproj */;
			proxyType = 2;
			remoteGlobalIDString = 7A0F9246156BA2A0009CB40A;
			remoteInfo = "Static Library No Submodules";
		};
		5BDB85C91603406100C093C9 /* PBXContainerItemProxy */ = {
			isa = PBXContainerItemProxy;
			containerPortal = 5BDB85B61603402C00C093C9 /* ShareKit.xcodeproj */;
			proxyType = 1;
			remoteGlobalIDString = 7AB5342D1552AADD00171BCE;
			remoteInfo = "Static Library";
		};
		5BDB85CB1603406500C093C9 /* PBXContainerItemProxy */ = {
			isa = PBXContainerItemProxy;
			containerPortal = 5BDB85B61603402C00C093C9 /* ShareKit.xcodeproj */;
			proxyType = 1;
			remoteGlobalIDString = 7AB5360E1552E26800171BCE;
			remoteInfo = "Resource Bundle";
		};
		5BE553B615E6426F000F78BA /* PBXContainerItemProxy */ = {
			isa = PBXContainerItemProxy;
			containerPortal = 5BE553AB15E6426E000F78BA /* RestKit.xcodeproj */;
			proxyType = 2;
			remoteGlobalIDString = 25160D1614564E810060A5C5;
			remoteInfo = RestKit;
		};
		5BE553B815E6426F000F78BA /* PBXContainerItemProxy */ = {
			isa = PBXContainerItemProxy;
			containerPortal = 5BE553AB15E6426E000F78BA /* RestKit.xcodeproj */;
			proxyType = 2;
			remoteGlobalIDString = 25160D2614564E820060A5C5;
			remoteInfo = RestKitTests;
		};
		5BE553BA15E6426F000F78BA /* PBXContainerItemProxy */ = {
			isa = PBXContainerItemProxy;
			containerPortal = 5BE553AB15E6426E000F78BA /* RestKit.xcodeproj */;
			proxyType = 2;
			remoteGlobalIDString = 25160E62145651060060A5C5;
			remoteInfo = RestKitFramework;
		};
		5BE553BC15E6426F000F78BA /* PBXContainerItemProxy */ = {
			isa = PBXContainerItemProxy;
			containerPortal = 5BE553AB15E6426E000F78BA /* RestKit.xcodeproj */;
			proxyType = 2;
			remoteGlobalIDString = 25160E78145651060060A5C5;
			remoteInfo = RestKitFrameworkTests;
		};
		5BE553BE15E6426F000F78BA /* PBXContainerItemProxy */ = {
			isa = PBXContainerItemProxy;
			containerPortal = 5BE553AB15E6426E000F78BA /* RestKit.xcodeproj */;
			proxyType = 2;
			remoteGlobalIDString = 259C301615128079003066A2;
			remoteInfo = RestKitResources;
		};
		5BE553C015E642E8000F78BA /* PBXContainerItemProxy */ = {
			isa = PBXContainerItemProxy;
			containerPortal = 5BE553AB15E6426E000F78BA /* RestKit.xcodeproj */;
			proxyType = 1;
			remoteGlobalIDString = 25160D1514564E810060A5C5;
			remoteInfo = RestKit;
		};
/* End PBXContainerItemProxy section */

/* Begin PBXFileReference section */
		5B03E9EC15EF7218005058AA /* PhotosViewController.h */ = {isa = PBXFileReference; fileEncoding = 4; lastKnownFileType = sourcecode.c.h; path = PhotosViewController.h; sourceTree = "<group>"; };
		5B03E9ED15EF7219005058AA /* PhotosViewController.m */ = {isa = PBXFileReference; fileEncoding = 4; lastKnownFileType = sourcecode.c.objc; path = PhotosViewController.m; sourceTree = "<group>"; };
		5B03E9EF15EF7910005058AA /* placeholder-130.png */ = {isa = PBXFileReference; lastKnownFileType = image.png; path = "placeholder-130.png"; sourceTree = "<group>"; };
		5B03E9F115EF890A005058AA /* collect-buttons.png */ = {isa = PBXFileReference; lastKnownFileType = image.png; path = "collect-buttons.png"; sourceTree = "<group>"; };
		5B03E9F215EF890A005058AA /* collect-buttons@2x.png */ = {isa = PBXFileReference; lastKnownFileType = image.png; path = "collect-buttons@2x.png"; sourceTree = "<group>"; };
		5B2BBA2715F0F5D20058316C /* Favourite.h */ = {isa = PBXFileReference; fileEncoding = 4; lastKnownFileType = sourcecode.c.h; path = Favourite.h; sourceTree = "<group>"; };
		5B2BBA2815F0F5D20058316C /* Favourite.m */ = {isa = PBXFileReference; fileEncoding = 4; lastKnownFileType = sourcecode.c.objc; path = Favourite.m; sourceTree = "<group>"; };
		5B2BBA2D15F0FD920058316C /* me-bg.png */ = {isa = PBXFileReference; lastKnownFileType = image.png; path = "me-bg.png"; sourceTree = "<group>"; };
		5B2BBA2E15F0FD920058316C /* me-bg@2x.png */ = {isa = PBXFileReference; lastKnownFileType = image.png; path = "me-bg@2x.png"; sourceTree = "<group>"; };
		5B3D7A9815EE5C89002B2D2F /* NewsViewController.h */ = {isa = PBXFileReference; fileEncoding = 4; lastKnownFileType = sourcecode.c.h; path = NewsViewController.h; sourceTree = "<group>"; };
		5B3D7A9915EE5C89002B2D2F /* NewsViewController.m */ = {isa = PBXFileReference; fileEncoding = 4; lastKnownFileType = sourcecode.c.objc; path = NewsViewController.m; sourceTree = "<group>"; };
		5B3D7A9B15EE6990002B2D2F /* NewsItemViewController.h */ = {isa = PBXFileReference; fileEncoding = 4; lastKnownFileType = sourcecode.c.h; path = NewsItemViewController.h; sourceTree = "<group>"; };
		5B3D7A9C15EE6990002B2D2F /* NewsItemViewController.m */ = {isa = PBXFileReference; fileEncoding = 4; lastKnownFileType = sourcecode.c.objc; path = NewsItemViewController.m; sourceTree = "<group>"; };
		5B3D7A9E15EE74A7002B2D2F /* AboutViewController.h */ = {isa = PBXFileReference; fileEncoding = 4; lastKnownFileType = sourcecode.c.h; path = AboutViewController.h; sourceTree = "<group>"; };
		5B3D7A9F15EE74A8002B2D2F /* AboutViewController.m */ = {isa = PBXFileReference; fileEncoding = 4; lastKnownFileType = sourcecode.c.objc; path = AboutViewController.m; sourceTree = "<group>"; };
		5B416FCC15EFB7EA0003E694 /* active-tab-bg.png */ = {isa = PBXFileReference; lastKnownFileType = image.png; path = "active-tab-bg.png"; sourceTree = "<group>"; };
		5B416FCD15EFB7EA0003E694 /* active-tab-bg@2x.png */ = {isa = PBXFileReference; lastKnownFileType = image.png; path = "active-tab-bg@2x.png"; sourceTree = "<group>"; };
		5B416FCE15EFB7EA0003E694 /* collect-bg.png */ = {isa = PBXFileReference; lastKnownFileType = image.png; path = "collect-bg.png"; sourceTree = "<group>"; };
		5B416FCF15EFB7EA0003E694 /* collect-bg@2x.png */ = {isa = PBXFileReference; lastKnownFileType = image.png; path = "collect-bg@2x.png"; sourceTree = "<group>"; };
		5B416FD015EFB7EA0003E694 /* collect-buttons.png */ = {isa = PBXFileReference; lastKnownFileType = image.png; path = "collect-buttons.png"; sourceTree = "<group>"; };
		5B416FD115EFB7EA0003E694 /* collect-buttons@2x.png */ = {isa = PBXFileReference; lastKnownFileType = image.png; path = "collect-buttons@2x.png"; sourceTree = "<group>"; };
		5B416FD215EFB7EA0003E694 /* collect-tab.png */ = {isa = PBXFileReference; lastKnownFileType = image.png; path = "collect-tab.png"; sourceTree = "<group>"; };
		5B416FD315EFB7EA0003E694 /* collect-tab@2x.png */ = {isa = PBXFileReference; lastKnownFileType = image.png; path = "collect-tab@2x.png"; sourceTree = "<group>"; };
		5B416FD415EFB7EA0003E694 /* collect-work-button-active.png */ = {isa = PBXFileReference; lastKnownFileType = image.png; path = "collect-work-button-active.png"; sourceTree = "<group>"; };
		5B416FD515EFB7EA0003E694 /* collect-work-button-active@2x.png */ = {isa = PBXFileReference; lastKnownFileType = image.png; path = "collect-work-button-active@2x.png"; sourceTree = "<group>"; };
		5B416FD615EFB7EA0003E694 /* collect-work-button.png */ = {isa = PBXFileReference; lastKnownFileType = image.png; path = "collect-work-button.png"; sourceTree = "<group>"; };
		5B416FD715EFB7EA0003E694 /* collect-work-button@2x.png */ = {isa = PBXFileReference; lastKnownFileType = image.png; path = "collect-work-button@2x.png"; sourceTree = "<group>"; };
		5B416FD815EFB7EA0003E694 /* Default.png */ = {isa = PBXFileReference; lastKnownFileType = image.png; path = Default.png; sourceTree = "<group>"; };
		5B416FD915EFB7EA0003E694 /* Default@2x.png */ = {isa = PBXFileReference; lastKnownFileType = image.png; path = "Default@2x.png"; sourceTree = "<group>"; };
		5B416FDA15EFB7EA0003E694 /* fair-tab.png */ = {isa = PBXFileReference; lastKnownFileType = image.png; path = "fair-tab.png"; sourceTree = "<group>"; };
		5B416FDB15EFB7EA0003E694 /* fair-tab@2x.png */ = {isa = PBXFileReference; lastKnownFileType = image.png; path = "fair-tab@2x.png"; sourceTree = "<group>"; };
		5B416FDC15EFB7EA0003E694 /* Icon.png */ = {isa = PBXFileReference; lastKnownFileType = image.png; path = Icon.png; sourceTree = "<group>"; };
		5B416FDD15EFB7EA0003E694 /* Icon@2x.png */ = {isa = PBXFileReference; lastKnownFileType = image.png; path = "Icon@2x.png"; sourceTree = "<group>"; };
		5B416FDE15EFB7EA0003E694 /* Map.png */ = {isa = PBXFileReference; lastKnownFileType = image.png; path = Map.png; sourceTree = "<group>"; };
		5B416FDF15EFB7EA0003E694 /* me-tab.png */ = {isa = PBXFileReference; lastKnownFileType = image.png; path = "me-tab.png"; sourceTree = "<group>"; };
		5B416FE015EFB7EA0003E694 /* me-tab@2x.png */ = {isa = PBXFileReference; lastKnownFileType = image.png; path = "me-tab@2x.png"; sourceTree = "<group>"; };
		5B416FE115EFB7EA0003E694 /* more-tab.png */ = {isa = PBXFileReference; lastKnownFileType = image.png; path = "more-tab.png"; sourceTree = "<group>"; };
		5B416FE215EFB7EA0003E694 /* more-tab@2x.png */ = {isa = PBXFileReference; lastKnownFileType = image.png; path = "more-tab@2x.png"; sourceTree = "<group>"; };
		5B416FE315EFB7EA0003E694 /* news-tab.png */ = {isa = PBXFileReference; lastKnownFileType = image.png; path = "news-tab.png"; sourceTree = "<group>"; };
		5B416FE415EFB7EA0003E694 /* news-tab@2x.png */ = {isa = PBXFileReference; lastKnownFileType = image.png; path = "news-tab@2x.png"; sourceTree = "<group>"; };
		5B416FE515EFB7EA0003E694 /* placeholder-55.png */ = {isa = PBXFileReference; lastKnownFileType = image.png; path = "placeholder-55.png"; sourceTree = "<group>"; };
		5B416FE615EFB7EA0003E694 /* placeholder-130.png */ = {isa = PBXFileReference; lastKnownFileType = image.png; path = "placeholder-130.png"; sourceTree = "<group>"; };
		5B416FE715EFB7EA0003E694 /* placeholder-290.png */ = {isa = PBXFileReference; lastKnownFileType = image.png; path = "placeholder-290.png"; sourceTree = "<group>"; };
		5B416FE815EFB7EA0003E694 /* placeholder.png */ = {isa = PBXFileReference; lastKnownFileType = image.png; path = placeholder.png; sourceTree = "<group>"; };
		5B416FE915EFB7EA0003E694 /* tab-bar-bg.png */ = {isa = PBXFileReference; lastKnownFileType = image.png; path = "tab-bar-bg.png"; sourceTree = "<group>"; };
		5B416FEA15EFB7EA0003E694 /* tab-bar-bg@2x.png */ = {isa = PBXFileReference; lastKnownFileType = image.png; path = "tab-bar-bg@2x.png"; sourceTree = "<group>"; };
		5B41700E15EFC6F10003E694 /* ProfileViewController.h */ = {isa = PBXFileReference; fileEncoding = 4; lastKnownFileType = sourcecode.c.h; path = ProfileViewController.h; sourceTree = "<group>"; };
		5B41700F15EFC6F20003E694 /* ProfileViewController.m */ = {isa = PBXFileReference; fileEncoding = 4; lastKnownFileType = sourcecode.c.objc; path = ProfileViewController.m; sourceTree = "<group>"; };
		5B41B94415E7D22B00D64906 /* Map.png */ = {isa = PBXFileReference; lastKnownFileType = image.png; path = Map.png; sourceTree = "<group>"; };
		5B41B94615E7D29D00D64906 /* MapViewController.h */ = {isa = PBXFileReference; fileEncoding = 4; lastKnownFileType = sourcecode.c.h; path = MapViewController.h; sourceTree = "<group>"; };
		5B41B94715E7D29D00D64906 /* MapViewController.m */ = {isa = PBXFileReference; fileEncoding = 4; lastKnownFileType = sourcecode.c.objc; path = MapViewController.m; sourceTree = "<group>"; };
		5B41B94D15E7F30E00D64906 /* Defaults.plist */ = {isa = PBXFileReference; lastKnownFileType = file.bplist; name = Defaults.plist; path = Resources/Defaults.plist; sourceTree = "<group>"; };
		5B5AB5B615F8F2D5001E5B3F /* ExploreViewController.h */ = {isa = PBXFileReference; fileEncoding = 4; lastKnownFileType = sourcecode.c.h; path = ExploreViewController.h; sourceTree = "<group>"; };
		5B5AB5B715F8F2D6001E5B3F /* ExploreViewController.m */ = {isa = PBXFileReference; fileEncoding = 4; lastKnownFileType = sourcecode.c.objc; path = ExploreViewController.m; sourceTree = "<group>"; };
		5B6C971517A6670A0092A31D /* Default-568h@2x.png */ = {isa = PBXFileReference; lastKnownFileType = image.png; name = "Default-568h@2x.png"; path = "../../Default-568h@2x.png"; sourceTree = "<group>"; };
		5B750D2415EFA24200B2D770 /* PhotoViewController.h */ = {isa = PBXFileReference; fileEncoding = 4; lastKnownFileType = sourcecode.c.h; path = PhotoViewController.h; sourceTree = "<group>"; };
		5B750D2515EFA24200B2D770 /* PhotoViewController.m */ = {isa = PBXFileReference; fileEncoding = 4; lastKnownFileType = sourcecode.c.objc; path = PhotoViewController.m; sourceTree = "<group>"; };
		5B799DCD17A92D4D00ABE3D8 /* Default-568h@2x.png */ = {isa = PBXFileReference; lastKnownFileType = image.png; path = "Default-568h@2x.png"; sourceTree = "<group>"; };
		5B87369015F50BAF000B12BD /* FavouritesSync.h */ = {isa = PBXFileReference; fileEncoding = 4; lastKnownFileType = sourcecode.c.h; path = FavouritesSync.h; sourceTree = "<group>"; };
		5B87369115F50BB0000B12BD /* FavouritesSync.m */ = {isa = PBXFileReference; fileEncoding = 4; lastKnownFileType = sourcecode.c.objc; path = FavouritesSync.m; sourceTree = "<group>"; };
		5B8BD24F15ECC1D1004285FC /* PhotographerViewController.h */ = {isa = PBXFileReference; fileEncoding = 4; lastKnownFileType = sourcecode.c.h; path = PhotographerViewController.h; sourceTree = "<group>"; };
		5B8BD25015ECC1D1004285FC /* PhotographerViewController.m */ = {isa = PBXFileReference; fileEncoding = 4; lastKnownFileType = sourcecode.c.objc; path = PhotographerViewController.m; sourceTree = "<group>"; };
		5B8BD26515ECCAC9004285FC /* constants.h */ = {isa = PBXFileReference; fileEncoding = 4; lastKnownFileType = sourcecode.c.h; path = constants.h; sourceTree = "<group>"; };
		5B8BD26815ECD364004285FC /* Photographer.h */ = {isa = PBXFileReference; fileEncoding = 4; lastKnownFileType = sourcecode.c.h; path = Photographer.h; sourceTree = "<group>"; };
		5B8BD26915ECD364004285FC /* Photographer.m */ = {isa = PBXFileReference; fileEncoding = 4; lastKnownFileType = sourcecode.c.objc; path = Photographer.m; sourceTree = "<group>"; };
		5B8BD26B15ECD704004285FC /* Photo.h */ = {isa = PBXFileReference; fileEncoding = 4; lastKnownFileType = sourcecode.c.h; path = Photo.h; sourceTree = "<group>"; };
		5B8BD26C15ECD704004285FC /* Photo.m */ = {isa = PBXFileReference; fileEncoding = 4; lastKnownFileType = sourcecode.c.objc; path = Photo.m; sourceTree = "<group>"; };
		5B8BD26E15ECE7EB004285FC /* placeholder.png */ = {isa = PBXFileReference; lastKnownFileType = image.png; path = placeholder.png; sourceTree = "<group>"; };
		5B8BD27015ECE9BB004285FC /* placeholder-290.png */ = {isa = PBXFileReference; lastKnownFileType = image.png; path = "placeholder-290.png"; sourceTree = "<group>"; };
		5B8BD27215ECF0F7004285FC /* DDPageControl.h */ = {isa = PBXFileReference; fileEncoding = 4; lastKnownFileType = sourcecode.c.h; path = DDPageControl.h; sourceTree = "<group>"; };
		5B8BD27315ECF0F7004285FC /* DDPageControl.m */ = {isa = PBXFileReference; fileEncoding = 4; lastKnownFileType = sourcecode.c.objc; path = DDPageControl.m; sourceTree = "<group>"; };
		5B8BD27915ED122E004285FC /* placeholder-55.png */ = {isa = PBXFileReference; lastKnownFileType = image.png; path = "placeholder-55.png"; sourceTree = "<group>"; };
		5B923F8D15E67310009B81B7 /* Unseen.xcdatamodel */ = {isa = PBXFileReference; lastKnownFileType = wrapper.xcdatamodel; path = Unseen.xcdatamodel; sourceTree = "<group>"; };
		5B923F9515E67695009B81B7 /* Event.h */ = {isa = PBXFileReference; fileEncoding = 4; lastKnownFileType = sourcecode.c.h; path = Event.h; sourceTree = "<group>"; };
		5B923F9615E67695009B81B7 /* Event.m */ = {isa = PBXFileReference; fileEncoding = 4; lastKnownFileType = sourcecode.c.objc; path = Event.m; sourceTree = "<group>"; };
		5B923F9815E67DBF009B81B7 /* UnseenSeed.sqlite */ = {isa = PBXFileReference; lastKnownFileType = file; name = UnseenSeed.sqlite; path = Resources/UnseenSeed.sqlite; sourceTree = "<group>"; };
		5B923F9A15E6898D009B81B7 /* EventViewController.h */ = {isa = PBXFileReference; fileEncoding = 4; lastKnownFileType = sourcecode.c.h; path = EventViewController.h; sourceTree = "<group>"; };
		5B923F9B15E6898D009B81B7 /* EventViewController.m */ = {isa = PBXFileReference; fileEncoding = 4; lastKnownFileType = sourcecode.c.objc; path = EventViewController.m; sourceTree = "<group>"; };
		5BA8387116034D0A0074E59B /* UnseenShareKitConfigurator.h */ = {isa = PBXFileReference; fileEncoding = 4; lastKnownFileType = sourcecode.c.h; path = UnseenShareKitConfigurator.h; sourceTree = "<group>"; };
		5BA8387216034D0A0074E59B /* UnseenShareKitConfigurator.m */ = {isa = PBXFileReference; fileEncoding = 4; lastKnownFileType = sourcecode.c.objc; path = UnseenShareKitConfigurator.m; sourceTree = "<group>"; };
		5BBF7DC615E7ADEE00C21F03 /* SDWebImage.xcodeproj */ = {isa = PBXFileReference; lastKnownFileType = "wrapper.pb-project"; name = SDWebImage.xcodeproj; path = SDWebImage/SDWebImage.xcodeproj; sourceTree = "<group>"; };
		5BBF7DD815E7AE3E00C21F03 /* ImageIO.framework */ = {isa = PBXFileReference; lastKnownFileType = wrapper.framework; name = ImageIO.framework; path = System/Library/Frameworks/ImageIO.framework; sourceTree = SDKROOT; };
		5BBF7DDA15E7C23400C21F03 /* Gallery.h */ = {isa = PBXFileReference; fileEncoding = 4; lastKnownFileType = sourcecode.c.h; path = Gallery.h; sourceTree = "<group>"; };
		5BBF7DDB15E7C23400C21F03 /* Gallery.m */ = {isa = PBXFileReference; fileEncoding = 4; lastKnownFileType = sourcecode.c.objc; path = Gallery.m; sourceTree = "<group>"; };
		5BBF7DDD15E7C45600C21F03 /* GalleriesViewController.h */ = {isa = PBXFileReference; fileEncoding = 4; lastKnownFileType = sourcecode.c.h; path = GalleriesViewController.h; sourceTree = "<group>"; };
		5BBF7DDE15E7C45700C21F03 /* GalleriesViewController.m */ = {isa = PBXFileReference; fileEncoding = 4; lastKnownFileType = sourcecode.c.objc; path = GalleriesViewController.m; sourceTree = "<group>"; };
		5BBF7DE015E7CBD200C21F03 /* PhotographersViewController.h */ = {isa = PBXFileReference; fileEncoding = 4; lastKnownFileType = sourcecode.c.h; path = PhotographersViewController.h; sourceTree = "<group>"; };
		5BBF7DE115E7CBD300C21F03 /* PhotographersViewController.m */ = {isa = PBXFileReference; fileEncoding = 4; lastKnownFileType = sourcecode.c.objc; path = PhotographersViewController.m; sourceTree = "<group>"; };
		5BD375F815EE18530027BA9E /* GalleryViewController.h */ = {isa = PBXFileReference; fileEncoding = 4; lastKnownFileType = sourcecode.c.h; path = GalleryViewController.h; sourceTree = "<group>"; };
		5BD375F915EE18540027BA9E /* GalleryViewController.m */ = {isa = PBXFileReference; fileEncoding = 4; lastKnownFileType = sourcecode.c.objc; path = GalleryViewController.m; sourceTree = "<group>"; };
		5BD375FB15EE3E790027BA9E /* Page.h */ = {isa = PBXFileReference; fileEncoding = 4; lastKnownFileType = sourcecode.c.h; path = Page.h; sourceTree = "<group>"; };
		5BD375FC15EE3E790027BA9E /* Page.m */ = {isa = PBXFileReference; fileEncoding = 4; lastKnownFileType = sourcecode.c.objc; path = Page.m; sourceTree = "<group>"; };
		5BD827FD15F78E52005FCB79 /* favourite-button-active.png */ = {isa = PBXFileReference; lastKnownFileType = image.png; path = "favourite-button-active.png"; sourceTree = "<group>"; };
		5BD827FE15F78E52005FCB79 /* favourite-button-active@2x.png */ = {isa = PBXFileReference; lastKnownFileType = image.png; path = "favourite-button-active@2x.png"; sourceTree = "<group>"; };
		5BD827FF15F78E52005FCB79 /* favourite-button.png */ = {isa = PBXFileReference; lastKnownFileType = image.png; path = "favourite-button.png"; sourceTree = "<group>"; };
		5BD8280015F78E52005FCB79 /* favourite-button@2x.png */ = {isa = PBXFileReference; lastKnownFileType = image.png; path = "favourite-button@2x.png"; sourceTree = "<group>"; };
		5BD8280515F7A18E005FCB79 /* heart-active.png */ = {isa = PBXFileReference; lastKnownFileType = image.png; path = "heart-active.png"; sourceTree = "<group>"; };
		5BD8280615F7A18E005FCB79 /* heart-active@2x.png */ = {isa = PBXFileReference; lastKnownFileType = image.png; path = "heart-active@2x.png"; sourceTree = "<group>"; };
		5BD8280715F7A18E005FCB79 /* heart.png */ = {isa = PBXFileReference; lastKnownFileType = image.png; path = heart.png; sourceTree = "<group>"; };
		5BD8280815F7A18E005FCB79 /* heart@2x.png */ = {isa = PBXFileReference; lastKnownFileType = image.png; path = "heart@2x.png"; sourceTree = "<group>"; };
		5BD8280D15F7A39B005FCB79 /* heart-selected.png */ = {isa = PBXFileReference; lastKnownFileType = image.png; path = "heart-selected.png"; sourceTree = "<group>"; };
		5BD8280E15F7A39B005FCB79 /* heart-selected@2x.png */ = {isa = PBXFileReference; lastKnownFileType = image.png; path = "heart-selected@2x.png"; sourceTree = "<group>"; };
		5BDB85B61603402C00C093C9 /* ShareKit.xcodeproj */ = {isa = PBXFileReference; lastKnownFileType = "wrapper.pb-project"; name = ShareKit.xcodeproj; path = ShareKit/ShareKit.xcodeproj; sourceTree = "<group>"; };
		5BDB85D0160340FA00C093C9 /* MessageUI.framework */ = {isa = PBXFileReference; lastKnownFileType = wrapper.framework; name = MessageUI.framework; path = System/Library/Frameworks/MessageUI.framework; sourceTree = SDKROOT; };
		5BDB85D21603410000C093C9 /* Twitter.framework */ = {isa = PBXFileReference; lastKnownFileType = wrapper.framework; name = Twitter.framework; path = System/Library/Frameworks/Twitter.framework; sourceTree = SDKROOT; };
		5BDB85D41603410F00C093C9 /* CoreLocation.framework */ = {isa = PBXFileReference; lastKnownFileType = wrapper.framework; name = CoreLocation.framework; path = System/Library/Frameworks/CoreLocation.framework; sourceTree = SDKROOT; };
		5BDB85D61603411A00C093C9 /* CoreFoundation.framework */ = {isa = PBXFileReference; lastKnownFileType = wrapper.framework; name = CoreFoundation.framework; path = System/Library/Frameworks/CoreFoundation.framework; sourceTree = SDKROOT; };
		5BE5532C15E622DC000F78BA /* Unseen Photo Fair 2013.app */ = {isa = PBXFileReference; explicitFileType = wrapper.application; includeInIndex = 0; path = "Unseen Photo Fair 2013.app"; sourceTree = BUILT_PRODUCTS_DIR; };
		5BE5533015E622DC000F78BA /* UIKit.framework */ = {isa = PBXFileReference; lastKnownFileType = wrapper.framework; name = UIKit.framework; path = System/Library/Frameworks/UIKit.framework; sourceTree = SDKROOT; };
		5BE5533215E622DC000F78BA /* Foundation.framework */ = {isa = PBXFileReference; lastKnownFileType = wrapper.framework; name = Foundation.framework; path = System/Library/Frameworks/Foundation.framework; sourceTree = SDKROOT; };
		5BE5533415E622DC000F78BA /* CoreGraphics.framework */ = {isa = PBXFileReference; lastKnownFileType = wrapper.framework; name = CoreGraphics.framework; path = System/Library/Frameworks/CoreGraphics.framework; sourceTree = SDKROOT; };
		5BE5533815E622DC000F78BA /* Unseen-Info.plist */ = {isa = PBXFileReference; lastKnownFileType = text.plist.xml; path = "Unseen-Info.plist"; sourceTree = "<group>"; };
		5BE5533A15E622DC000F78BA /* en */ = {isa = PBXFileReference; lastKnownFileType = text.plist.strings; name = en; path = en.lproj/InfoPlist.strings; sourceTree = "<group>"; };
		5BE5533C15E622DC000F78BA /* main.m */ = {isa = PBXFileReference; lastKnownFileType = sourcecode.c.objc; path = main.m; sourceTree = "<group>"; };
		5BE5533E15E622DC000F78BA /* Unseen-Prefix.pch */ = {isa = PBXFileReference; lastKnownFileType = sourcecode.c.h; path = "Unseen-Prefix.pch"; sourceTree = "<group>"; };
		5BE5533F15E622DC000F78BA /* AppDelegate.h */ = {isa = PBXFileReference; lastKnownFileType = sourcecode.c.h; path = AppDelegate.h; sourceTree = "<group>"; };
		5BE5534015E622DC000F78BA /* AppDelegate.m */ = {isa = PBXFileReference; lastKnownFileType = sourcecode.c.objc; path = AppDelegate.m; sourceTree = "<group>"; };
		5BE5534315E622DC000F78BA /* en */ = {isa = PBXFileReference; lastKnownFileType = file.storyboard; name = en; path = en.lproj/MainStoryboard.storyboard; sourceTree = "<group>"; };
		5BE5534C15E622DC000F78BA /* CollectViewController.h */ = {isa = PBXFileReference; lastKnownFileType = sourcecode.c.h; path = CollectViewController.h; sourceTree = "<group>"; };
		5BE5534D15E622DC000F78BA /* CollectViewController.m */ = {isa = PBXFileReference; lastKnownFileType = sourcecode.c.objc; path = CollectViewController.m; sourceTree = "<group>"; };
		5BE5535D15E624AC000F78BA /* active-tab-bg.png */ = {isa = PBXFileReference; lastKnownFileType = image.png; path = "active-tab-bg.png"; sourceTree = "<group>"; };
		5BE5535E15E624AC000F78BA /* active-tab-bg@2x.png */ = {isa = PBXFileReference; lastKnownFileType = image.png; path = "active-tab-bg@2x.png"; sourceTree = "<group>"; };
		5BE5535F15E624AC000F78BA /* collect-tab.png */ = {isa = PBXFileReference; lastKnownFileType = image.png; path = "collect-tab.png"; sourceTree = "<group>"; };
		5BE5536015E624AC000F78BA /* collect-tab@2x.png */ = {isa = PBXFileReference; lastKnownFileType = image.png; path = "collect-tab@2x.png"; sourceTree = "<group>"; };
		5BE5536115E624AC000F78BA /* Default.png */ = {isa = PBXFileReference; lastKnownFileType = image.png; path = Default.png; sourceTree = "<group>"; };
		5BE5536215E624AC000F78BA /* Default@2x.png */ = {isa = PBXFileReference; lastKnownFileType = image.png; path = "Default@2x.png"; sourceTree = "<group>"; };
		5BE5536315E624AC000F78BA /* fair-tab.png */ = {isa = PBXFileReference; lastKnownFileType = image.png; path = "fair-tab.png"; sourceTree = "<group>"; };
		5BE5536415E624AC000F78BA /* fair-tab@2x.png */ = {isa = PBXFileReference; lastKnownFileType = image.png; path = "fair-tab@2x.png"; sourceTree = "<group>"; };
		5BE5536515E624AC000F78BA /* Icon.png */ = {isa = PBXFileReference; lastKnownFileType = image.png; path = Icon.png; sourceTree = "<group>"; };
		5BE5536615E624AC000F78BA /* Icon@2x.png */ = {isa = PBXFileReference; lastKnownFileType = image.png; path = "Icon@2x.png"; sourceTree = "<group>"; };
		5BE5536715E624AC000F78BA /* me-tab.png */ = {isa = PBXFileReference; lastKnownFileType = image.png; path = "me-tab.png"; sourceTree = "<group>"; };
		5BE5536815E624AC000F78BA /* me-tab@2x.png */ = {isa = PBXFileReference; lastKnownFileType = image.png; path = "me-tab@2x.png"; sourceTree = "<group>"; };
		5BE5536915E624AC000F78BA /* more-tab.png */ = {isa = PBXFileReference; lastKnownFileType = image.png; path = "more-tab.png"; sourceTree = "<group>"; };
		5BE5536A15E624AC000F78BA /* more-tab@2x.png */ = {isa = PBXFileReference; lastKnownFileType = image.png; path = "more-tab@2x.png"; sourceTree = "<group>"; };
		5BE5536B15E624AC000F78BA /* news-tab.png */ = {isa = PBXFileReference; lastKnownFileType = image.png; path = "news-tab.png"; sourceTree = "<group>"; };
		5BE5536C15E624AC000F78BA /* news-tab@2x.png */ = {isa = PBXFileReference; lastKnownFileType = image.png; path = "news-tab@2x.png"; sourceTree = "<group>"; };
		5BE5536D15E624AC000F78BA /* tab-bar-bg.png */ = {isa = PBXFileReference; lastKnownFileType = image.png; path = "tab-bar-bg.png"; sourceTree = "<group>"; };
		5BE5536E15E624AC000F78BA /* tab-bar-bg@2x.png */ = {isa = PBXFileReference; lastKnownFileType = image.png; path = "tab-bar-bg@2x.png"; sourceTree = "<group>"; };
		5BE5538115E625AE000F78BA /* collect-bg.png */ = {isa = PBXFileReference; lastKnownFileType = image.png; path = "collect-bg.png"; sourceTree = "<group>"; };
		5BE5538215E625AE000F78BA /* collect-bg@2x.png */ = {isa = PBXFileReference; lastKnownFileType = image.png; path = "collect-bg@2x.png"; sourceTree = "<group>"; };
		5BE5538B15E62892000F78BA /* Apercu-Bold.otf */ = {isa = PBXFileReference; lastKnownFileType = file; path = "Apercu-Bold.otf"; sourceTree = "<group>"; };
		5BE5538C15E62892000F78BA /* Apercu.otf */ = {isa = PBXFileReference; lastKnownFileType = file; path = Apercu.otf; sourceTree = "<group>"; };
		5BE5538F15E62B21000F78BA /* FairViewController.h */ = {isa = PBXFileReference; fileEncoding = 4; lastKnownFileType = sourcecode.c.h; path = FairViewController.h; sourceTree = "<group>"; };
		5BE5539015E62B21000F78BA /* FairViewController.m */ = {isa = PBXFileReference; fileEncoding = 4; lastKnownFileType = sourcecode.c.objc; path = FairViewController.m; sourceTree = "<group>"; };
		5BE5539615E638C5000F78BA /* ProgrammeViewController.h */ = {isa = PBXFileReference; fileEncoding = 4; lastKnownFileType = sourcecode.c.h; path = ProgrammeViewController.h; sourceTree = "<group>"; };
		5BE5539715E638C5000F78BA /* ProgrammeViewController.m */ = {isa = PBXFileReference; fileEncoding = 4; lastKnownFileType = sourcecode.c.objc; path = ProgrammeViewController.m; sourceTree = "<group>"; };
		5BE553AB15E6426E000F78BA /* RestKit.xcodeproj */ = {isa = PBXFileReference; lastKnownFileType = "wrapper.pb-project"; name = RestKit.xcodeproj; path = RestKit/RestKit.xcodeproj; sourceTree = "<group>"; };
		5BE553C315E64315000F78BA /* CFNetwork.framework */ = {isa = PBXFileReference; lastKnownFileType = wrapper.framework; name = CFNetwork.framework; path = System/Library/Frameworks/CFNetwork.framework; sourceTree = SDKROOT; };
		5BE553C515E64323000F78BA /* CoreData.framework */ = {isa = PBXFileReference; lastKnownFileType = wrapper.framework; name = CoreData.framework; path = System/Library/Frameworks/CoreData.framework; sourceTree = SDKROOT; };
		5BE553C715E6432B000F78BA /* MobileCoreServices.framework */ = {isa = PBXFileReference; lastKnownFileType = wrapper.framework; name = MobileCoreServices.framework; path = System/Library/Frameworks/MobileCoreServices.framework; sourceTree = SDKROOT; };
		5BE553C915E6433A000F78BA /* Security.framework */ = {isa = PBXFileReference; lastKnownFileType = wrapper.framework; name = Security.framework; path = System/Library/Frameworks/Security.framework; sourceTree = SDKROOT; };
		5BE553CB15E64342000F78BA /* SystemConfiguration.framework */ = {isa = PBXFileReference; lastKnownFileType = wrapper.framework; name = SystemConfiguration.framework; path = System/Library/Frameworks/SystemConfiguration.framework; sourceTree = SDKROOT; };
		5BE553CD15E6434D000F78BA /* QuartzCore.framework */ = {isa = PBXFileReference; lastKnownFileType = wrapper.framework; name = QuartzCore.framework; path = System/Library/Frameworks/QuartzCore.framework; sourceTree = SDKROOT; };
		5BE553CF15E64358000F78BA /* libxml2.dylib */ = {isa = PBXFileReference; lastKnownFileType = "compiled.mach-o.dylib"; name = libxml2.dylib; path = usr/lib/libxml2.dylib; sourceTree = SDKROOT; };
/* End PBXFileReference section */

/* Begin PBXFrameworksBuildPhase section */
		5BE5532915E622DC000F78BA /* Frameworks */ = {
			isa = PBXFrameworksBuildPhase;
			buildActionMask = 2147483647;
			files = (
				5BDB85D71603411B00C093C9 /* CoreFoundation.framework in Frameworks */,
				5BDB85D51603410F00C093C9 /* CoreLocation.framework in Frameworks */,
				5BDB85D31603410000C093C9 /* Twitter.framework in Frameworks */,
				5BDB85D1160340FA00C093C9 /* MessageUI.framework in Frameworks */,
				5BBF7DD915E7AE3F00C21F03 /* ImageIO.framework in Frameworks */,
				5BBF7DD715E7AE3300C21F03 /* libSDWebImageARC.a in Frameworks */,
				5BE553CE15E6434D000F78BA /* QuartzCore.framework in Frameworks */,
				5BE553CA15E6433A000F78BA /* Security.framework in Frameworks */,
				5BE553C215E64306000F78BA /* libRestKit.a in Frameworks */,
				5BA8387016034A580074E59B /* libShareKit.a in Frameworks */,
				5BE553D015E64358000F78BA /* libxml2.dylib in Frameworks */,
				5BE5533315E622DC000F78BA /* Foundation.framework in Frameworks */,
				5BE5533115E622DC000F78BA /* UIKit.framework in Frameworks */,
				5BE5533515E622DC000F78BA /* CoreGraphics.framework in Frameworks */,
				5BE553C615E64323000F78BA /* CoreData.framework in Frameworks */,
				5BE553CC15E64342000F78BA /* SystemConfiguration.framework in Frameworks */,
				5BE553C415E64315000F78BA /* CFNetwork.framework in Frameworks */,
				5BE553C815E6432B000F78BA /* MobileCoreServices.framework in Frameworks */,
			);
			runOnlyForDeploymentPostprocessing = 0;
		};
/* End PBXFrameworksBuildPhase section */

/* Begin PBXGroup section */
		5BBF7DC715E7ADEE00C21F03 /* Products */ = {
			isa = PBXGroup;
			children = (
				5BBF7DD015E7ADEF00C21F03 /* libSDWebImage.a */,
				5BBF7DD215E7ADEF00C21F03 /* libSDWebImageARC.a */,
				5BBF7DD415E7ADEF00C21F03 /* libSDWebImageARC+MKAnnotation.a */,
			);
			name = Products;
			sourceTree = "<group>";
		};
		5BDB85B71603402C00C093C9 /* Products */ = {
			isa = PBXGroup;
			children = (
				5BDB85C21603402D00C093C9 /* ShareKitDemo.app */,
				5BDB85C41603402D00C093C9 /* libShareKit.a */,
				5BDB85C61603402D00C093C9 /* ShareKit.bundle */,
				5BDB85C81603402D00C093C9 /* libShareKitNoSubmodules.a */,
			);
			name = Products;
			sourceTree = "<group>";
		};
		5BE5532115E622DC000F78BA = {
			isa = PBXGroup;
			children = (
				5B799DCD17A92D4D00ABE3D8 /* Default-568h@2x.png */,
				5BE553AB15E6426E000F78BA /* RestKit.xcodeproj */,
				5BBF7DC615E7ADEE00C21F03 /* SDWebImage.xcodeproj */,
				5BDB85B61603402C00C093C9 /* ShareKit.xcodeproj */,
				5BE5533615E622DC000F78BA /* Unseen */,
				5BE5538A15E62892000F78BA /* Fonts */,
				5BE5535C15E624AC000F78BA /* Images */,
				5BE5532F15E622DC000F78BA /* Frameworks */,
				5BE5532D15E622DC000F78BA /* Products */,
			);
			sourceTree = "<group>";
		};
		5BE5532D15E622DC000F78BA /* Products */ = {
			isa = PBXGroup;
			children = (
				5BE5532C15E622DC000F78BA /* Unseen Photo Fair 2013.app */,
			);
			name = Products;
			sourceTree = "<group>";
		};
		5BE5532F15E622DC000F78BA /* Frameworks */ = {
			isa = PBXGroup;
			children = (
				5BDB85D61603411A00C093C9 /* CoreFoundation.framework */,
				5BDB85D41603410F00C093C9 /* CoreLocation.framework */,
				5BDB85D21603410000C093C9 /* Twitter.framework */,
				5BDB85D0160340FA00C093C9 /* MessageUI.framework */,
				5BBF7DD815E7AE3E00C21F03 /* ImageIO.framework */,
				5BE553CF15E64358000F78BA /* libxml2.dylib */,
				5BE553CD15E6434D000F78BA /* QuartzCore.framework */,
				5BE553CB15E64342000F78BA /* SystemConfiguration.framework */,
				5BE553C915E6433A000F78BA /* Security.framework */,
				5BE553C715E6432B000F78BA /* MobileCoreServices.framework */,
				5BE553C515E64323000F78BA /* CoreData.framework */,
				5BE553C315E64315000F78BA /* CFNetwork.framework */,
				5BE5533015E622DC000F78BA /* UIKit.framework */,
				5BE5533215E622DC000F78BA /* Foundation.framework */,
				5BE5533415E622DC000F78BA /* CoreGraphics.framework */,
			);
			name = Frameworks;
			sourceTree = "<group>";
		};
		5BE5533615E622DC000F78BA /* Unseen */ = {
			isa = PBXGroup;
			children = (
				5BE5533F15E622DC000F78BA /* AppDelegate.h */,
				5BE5534015E622DC000F78BA /* AppDelegate.m */,
				5BE5534215E622DC000F78BA /* MainStoryboard.storyboard */,
				5BE553D415E64996000F78BA /* Controllers */,
				5BE553D515E649A2000F78BA /* Models */,
				5BE5533715E622DC000F78BA /* Supporting Files */,
			);
			path = Unseen;
			sourceTree = "<group>";
		};
		5BE5533715E622DC000F78BA /* Supporting Files */ = {
			isa = PBXGroup;
			children = (
				5BA8387116034D0A0074E59B /* UnseenShareKitConfigurator.h */,
				5BA8387216034D0A0074E59B /* UnseenShareKitConfigurator.m */,
				5B8BD27215ECF0F7004285FC /* DDPageControl.h */,
				5B8BD27315ECF0F7004285FC /* DDPageControl.m */,
				5B8BD26515ECCAC9004285FC /* constants.h */,
				5B41B94D15E7F30E00D64906 /* Defaults.plist */,
				5BE5533815E622DC000F78BA /* Unseen-Info.plist */,
				5BE5533915E622DC000F78BA /* InfoPlist.strings */,
				5BE5533C15E622DC000F78BA /* main.m */,
				5BE5533E15E622DC000F78BA /* Unseen-Prefix.pch */,
			);
			name = "Supporting Files";
			sourceTree = "<group>";
		};
		5BE5535C15E624AC000F78BA /* Images */ = {
			isa = PBXGroup;
			children = (
				5B416FCC15EFB7EA0003E694 /* active-tab-bg.png */,
				5B416FCD15EFB7EA0003E694 /* active-tab-bg@2x.png */,
				5B416FCE15EFB7EA0003E694 /* collect-bg.png */,
				5B416FCF15EFB7EA0003E694 /* collect-bg@2x.png */,
				5B416FD015EFB7EA0003E694 /* collect-buttons.png */,
				5B416FD115EFB7EA0003E694 /* collect-buttons@2x.png */,
				5B416FD215EFB7EA0003E694 /* collect-tab.png */,
				5B416FD315EFB7EA0003E694 /* collect-tab@2x.png */,
				5B416FD415EFB7EA0003E694 /* collect-work-button-active.png */,
				5B416FD515EFB7EA0003E694 /* collect-work-button-active@2x.png */,
				5B416FD615EFB7EA0003E694 /* collect-work-button.png */,
				5B416FD715EFB7EA0003E694 /* collect-work-button@2x.png */,
				5B416FD815EFB7EA0003E694 /* Default.png */,
				5B416FD915EFB7EA0003E694 /* Default@2x.png */,
				5B6C971517A6670A0092A31D /* Default-568h@2x.png */,
				5B416FDA15EFB7EA0003E694 /* fair-tab.png */,
				5B416FDB15EFB7EA0003E694 /* fair-tab@2x.png */,
				5BD827FD15F78E52005FCB79 /* favourite-button-active.png */,
				5BD827FE15F78E52005FCB79 /* favourite-button-active@2x.png */,
				5BD827FF15F78E52005FCB79 /* favourite-button.png */,
				5BD8280015F78E52005FCB79 /* favourite-button@2x.png */,
				5BD8280515F7A18E005FCB79 /* heart-active.png */,
				5BD8280615F7A18E005FCB79 /* heart-active@2x.png */,
				5BD8280D15F7A39B005FCB79 /* heart-selected.png */,
				5BD8280E15F7A39B005FCB79 /* heart-selected@2x.png */,
				5BD8280715F7A18E005FCB79 /* heart.png */,
				5BD8280815F7A18E005FCB79 /* heart@2x.png */,
				5B416FDC15EFB7EA0003E694 /* Icon.png */,
				5B416FDD15EFB7EA0003E694 /* Icon@2x.png */,
				5B416FDE15EFB7EA0003E694 /* Map.png */,
				5B2BBA2D15F0FD920058316C /* me-bg.png */,
				5B2BBA2E15F0FD920058316C /* me-bg@2x.png */,
				5B416FDF15EFB7EA0003E694 /* me-tab.png */,
				5B416FE015EFB7EA0003E694 /* me-tab@2x.png */,
				5B416FE115EFB7EA0003E694 /* more-tab.png */,
				5B416FE215EFB7EA0003E694 /* more-tab@2x.png */,
				5B416FE315EFB7EA0003E694 /* news-tab.png */,
				5B416FE415EFB7EA0003E694 /* news-tab@2x.png */,
				5B416FE515EFB7EA0003E694 /* placeholder-55.png */,
				5B416FE615EFB7EA0003E694 /* placeholder-130.png */,
				5B416FE715EFB7EA0003E694 /* placeholder-290.png */,
				5B416FE815EFB7EA0003E694 /* placeholder.png */,
				5B416FE915EFB7EA0003E694 /* tab-bar-bg.png */,
				5B416FEA15EFB7EA0003E694 /* tab-bar-bg@2x.png */,
				5BE5535D15E624AC000F78BA /* active-tab-bg.png */,
				5BE5535E15E624AC000F78BA /* active-tab-bg@2x.png */,
				5BE5538115E625AE000F78BA /* collect-bg.png */,
				5BE5538215E625AE000F78BA /* collect-bg@2x.png */,
				5B03E9F115EF890A005058AA /* collect-buttons.png */,
				5B03E9F215EF890A005058AA /* collect-buttons@2x.png */,
				5BE5535F15E624AC000F78BA /* collect-tab.png */,
				5BE5536015E624AC000F78BA /* collect-tab@2x.png */,
				5BE5536115E624AC000F78BA /* Default.png */,
				5BE5536215E624AC000F78BA /* Default@2x.png */,
				5BE5536315E624AC000F78BA /* fair-tab.png */,
				5BE5536415E624AC000F78BA /* fair-tab@2x.png */,
				5BE5536515E624AC000F78BA /* Icon.png */,
				5BE5536615E624AC000F78BA /* Icon@2x.png */,
				5B41B94415E7D22B00D64906 /* Map.png */,
				5BE5536715E624AC000F78BA /* me-tab.png */,
				5BE5536815E624AC000F78BA /* me-tab@2x.png */,
				5BE5536915E624AC000F78BA /* more-tab.png */,
				5BE5536A15E624AC000F78BA /* more-tab@2x.png */,
				5BE5536B15E624AC000F78BA /* news-tab.png */,
				5BE5536C15E624AC000F78BA /* news-tab@2x.png */,
				5B8BD27015ECE9BB004285FC /* placeholder-290.png */,
				5B8BD27915ED122E004285FC /* placeholder-55.png */,
				5B03E9EF15EF7910005058AA /* placeholder-130.png */,
				5B8BD26E15ECE7EB004285FC /* placeholder.png */,
				5BE5536D15E624AC000F78BA /* tab-bar-bg.png */,
				5BE5536E15E624AC000F78BA /* tab-bar-bg@2x.png */,
			);
			name = Images;
			path = Unseen/Images;
			sourceTree = "<group>";
		};
		5BE5538A15E62892000F78BA /* Fonts */ = {
			isa = PBXGroup;
			children = (
				5BE5538B15E62892000F78BA /* Apercu-Bold.otf */,
				5BE5538C15E62892000F78BA /* Apercu.otf */,
			);
			name = Fonts;
			path = Unseen/Fonts;
			sourceTree = "<group>";
		};
		5BE553AC15E6426E000F78BA /* Products */ = {
			isa = PBXGroup;
			children = (
				5BE553B715E6426F000F78BA /* libRestKit.a */,
				5BE553B915E6426F000F78BA /* RestKitTests.octest */,
				5BE553BB15E6426F000F78BA /* RestKit.framework */,
				5BE553BD15E6426F000F78BA /* RestKitFrameworkTests.octest */,
				5BE553BF15E6426F000F78BA /* RestKitResources.bundle */,
			);
			name = Products;
			sourceTree = "<group>";
		};
		5BE553D415E64996000F78BA /* Controllers */ = {
			isa = PBXGroup;
			children = (
				5B3D7A9E15EE74A7002B2D2F /* AboutViewController.h */,
				5B3D7A9F15EE74A8002B2D2F /* AboutViewController.m */,
				5BE5534C15E622DC000F78BA /* CollectViewController.h */,
				5BE5534D15E622DC000F78BA /* CollectViewController.m */,
				5B923F9A15E6898D009B81B7 /* EventViewController.h */,
				5B923F9B15E6898D009B81B7 /* EventViewController.m */,
				5B5AB5B615F8F2D5001E5B3F /* ExploreViewController.h */,
				5B5AB5B715F8F2D6001E5B3F /* ExploreViewController.m */,
				5BE5538F15E62B21000F78BA /* FairViewController.h */,
				5BE5539015E62B21000F78BA /* FairViewController.m */,
				5BBF7DDD15E7C45600C21F03 /* GalleriesViewController.h */,
				5BBF7DDE15E7C45700C21F03 /* GalleriesViewController.m */,
				5BD375F815EE18530027BA9E /* GalleryViewController.h */,
				5BD375F915EE18540027BA9E /* GalleryViewController.m */,
				5B41B94615E7D29D00D64906 /* MapViewController.h */,
				5B41B94715E7D29D00D64906 /* MapViewController.m */,
				5B3D7A9B15EE6990002B2D2F /* NewsItemViewController.h */,
				5B3D7A9C15EE6990002B2D2F /* NewsItemViewController.m */,
				5B3D7A9815EE5C89002B2D2F /* NewsViewController.h */,
				5B3D7A9915EE5C89002B2D2F /* NewsViewController.m */,
				5BBF7DE015E7CBD200C21F03 /* PhotographersViewController.h */,
				5BBF7DE115E7CBD300C21F03 /* PhotographersViewController.m */,
				5B8BD24F15ECC1D1004285FC /* PhotographerViewController.h */,
				5B8BD25015ECC1D1004285FC /* PhotographerViewController.m */,
				5B03E9EC15EF7218005058AA /* PhotosViewController.h */,
				5B03E9ED15EF7219005058AA /* PhotosViewController.m */,
				5B750D2415EFA24200B2D770 /* PhotoViewController.h */,
				5B750D2515EFA24200B2D770 /* PhotoViewController.m */,
				5B41700E15EFC6F10003E694 /* ProfileViewController.h */,
				5B41700F15EFC6F20003E694 /* ProfileViewController.m */,
				5BE5539615E638C5000F78BA /* ProgrammeViewController.h */,
				5BE5539715E638C5000F78BA /* ProgrammeViewController.m */,
			);
			name = Controllers;
			sourceTree = "<group>";
		};
		5BE553D515E649A2000F78BA /* Models */ = {
			isa = PBXGroup;
			children = (
				5B87369015F50BAF000B12BD /* FavouritesSync.h */,
				5B87369115F50BB0000B12BD /* FavouritesSync.m */,
				5B923F9515E67695009B81B7 /* Event.h */,
				5B923F9615E67695009B81B7 /* Event.m */,
				5B2BBA2715F0F5D20058316C /* Favourite.h */,
				5B2BBA2815F0F5D20058316C /* Favourite.m */,
				5BBF7DDA15E7C23400C21F03 /* Gallery.h */,
				5BBF7DDB15E7C23400C21F03 /* Gallery.m */,
				5BD375FB15EE3E790027BA9E /* Page.h */,
				5BD375FC15EE3E790027BA9E /* Page.m */,
				5B8BD26B15ECD704004285FC /* Photo.h */,
				5B8BD26C15ECD704004285FC /* Photo.m */,
				5B8BD26815ECD364004285FC /* Photographer.h */,
				5B8BD26915ECD364004285FC /* Photographer.m */,
				5B923F8D15E67310009B81B7 /* Unseen.xcdatamodel */,
				5B923F9815E67DBF009B81B7 /* UnseenSeed.sqlite */,
			);
			name = Models;
			sourceTree = "<group>";
		};
/* End PBXGroup section */

/* Begin PBXNativeTarget section */
		5BE5532B15E622DC000F78BA /* Unseen */ = {
			isa = PBXNativeTarget;
			buildConfigurationList = 5BE5535515E622DC000F78BA /* Build configuration list for PBXNativeTarget "Unseen" */;
			buildPhases = (
				5BE5532815E622DC000F78BA /* Sources */,
				5BE5532915E622DC000F78BA /* Frameworks */,
				5BE5532A15E622DC000F78BA /* Resources */,
			);
			buildRules = (
			);
			dependencies = (
				5BDB85CC1603406500C093C9 /* PBXTargetDependency */,
				5BDB85CA1603406100C093C9 /* PBXTargetDependency */,
				5BBF7DD615E7AE2000C21F03 /* PBXTargetDependency */,
				5BE553C115E642E8000F78BA /* PBXTargetDependency */,
			);
			name = Unseen;
			productName = Unseen;
			productReference = 5BE5532C15E622DC000F78BA /* Unseen Photo Fair 2013.app */;
			productType = "com.apple.product-type.application";
		};
/* End PBXNativeTarget section */

/* Begin PBXProject section */
		5BE5532315E622DC000F78BA /* Project object */ = {
			isa = PBXProject;
			attributes = {
				LastUpgradeCheck = 0460;
				ORGANIZATIONNAME = Yoomee;
			};
			buildConfigurationList = 5BE5532615E622DC000F78BA /* Build configuration list for PBXProject "Unseen" */;
			compatibilityVersion = "Xcode 3.2";
			developmentRegion = English;
			hasScannedForEncodings = 0;
			knownRegions = (
				en,
			);
			mainGroup = 5BE5532115E622DC000F78BA;
			productRefGroup = 5BE5532D15E622DC000F78BA /* Products */;
			projectDirPath = "";
			projectReferences = (
				{
					ProductGroup = 5BE553AC15E6426E000F78BA /* Products */;
					ProjectRef = 5BE553AB15E6426E000F78BA /* RestKit.xcodeproj */;
				},
				{
					ProductGroup = 5BBF7DC715E7ADEE00C21F03 /* Products */;
					ProjectRef = 5BBF7DC615E7ADEE00C21F03 /* SDWebImage.xcodeproj */;
				},
				{
					ProductGroup = 5BDB85B71603402C00C093C9 /* Products */;
					ProjectRef = 5BDB85B61603402C00C093C9 /* ShareKit.xcodeproj */;
				},
			);
			projectRoot = "";
			targets = (
				5BE5532B15E622DC000F78BA /* Unseen */,
			);
		};
/* End PBXProject section */

/* Begin PBXReferenceProxy section */
		5BBF7DD015E7ADEF00C21F03 /* libSDWebImage.a */ = {
			isa = PBXReferenceProxy;
			fileType = archive.ar;
			path = libSDWebImage.a;
			remoteRef = 5BBF7DCF15E7ADEF00C21F03 /* PBXContainerItemProxy */;
			sourceTree = BUILT_PRODUCTS_DIR;
		};
		5BBF7DD215E7ADEF00C21F03 /* libSDWebImageARC.a */ = {
			isa = PBXReferenceProxy;
			fileType = archive.ar;
			path = libSDWebImageARC.a;
			remoteRef = 5BBF7DD115E7ADEF00C21F03 /* PBXContainerItemProxy */;
			sourceTree = BUILT_PRODUCTS_DIR;
		};
		5BBF7DD415E7ADEF00C21F03 /* libSDWebImageARC+MKAnnotation.a */ = {
			isa = PBXReferenceProxy;
			fileType = archive.ar;
			path = "libSDWebImageARC+MKAnnotation.a";
			remoteRef = 5BBF7DD315E7ADEF00C21F03 /* PBXContainerItemProxy */;
			sourceTree = BUILT_PRODUCTS_DIR;
		};
		5BDB85C21603402D00C093C9 /* ShareKitDemo.app */ = {
			isa = PBXReferenceProxy;
			fileType = wrapper.application;
			path = ShareKitDemo.app;
			remoteRef = 5BDB85C11603402D00C093C9 /* PBXContainerItemProxy */;
			sourceTree = BUILT_PRODUCTS_DIR;
		};
		5BDB85C41603402D00C093C9 /* libShareKit.a */ = {
			isa = PBXReferenceProxy;
			fileType = archive.ar;
			path = libShareKit.a;
			remoteRef = 5BDB85C31603402D00C093C9 /* PBXContainerItemProxy */;
			sourceTree = BUILT_PRODUCTS_DIR;
		};
		5BDB85C61603402D00C093C9 /* ShareKit.bundle */ = {
			isa = PBXReferenceProxy;
			fileType = wrapper.cfbundle;
			path = ShareKit.bundle;
			remoteRef = 5BDB85C51603402D00C093C9 /* PBXContainerItemProxy */;
			sourceTree = BUILT_PRODUCTS_DIR;
		};
		5BDB85C81603402D00C093C9 /* libShareKitNoSubmodules.a */ = {
			isa = PBXReferenceProxy;
			fileType = archive.ar;
			path = libShareKitNoSubmodules.a;
			remoteRef = 5BDB85C71603402D00C093C9 /* PBXContainerItemProxy */;
			sourceTree = BUILT_PRODUCTS_DIR;
		};
		5BE553B715E6426F000F78BA /* libRestKit.a */ = {
			isa = PBXReferenceProxy;
			fileType = archive.ar;
			path = libRestKit.a;
			remoteRef = 5BE553B615E6426F000F78BA /* PBXContainerItemProxy */;
			sourceTree = BUILT_PRODUCTS_DIR;
		};
		5BE553B915E6426F000F78BA /* RestKitTests.octest */ = {
			isa = PBXReferenceProxy;
			fileType = wrapper.cfbundle;
			path = RestKitTests.octest;
			remoteRef = 5BE553B815E6426F000F78BA /* PBXContainerItemProxy */;
			sourceTree = BUILT_PRODUCTS_DIR;
		};
		5BE553BB15E6426F000F78BA /* RestKit.framework */ = {
			isa = PBXReferenceProxy;
			fileType = wrapper.framework;
			path = RestKit.framework;
			remoteRef = 5BE553BA15E6426F000F78BA /* PBXContainerItemProxy */;
			sourceTree = BUILT_PRODUCTS_DIR;
		};
		5BE553BD15E6426F000F78BA /* RestKitFrameworkTests.octest */ = {
			isa = PBXReferenceProxy;
			fileType = wrapper.cfbundle;
			path = RestKitFrameworkTests.octest;
			remoteRef = 5BE553BC15E6426F000F78BA /* PBXContainerItemProxy */;
			sourceTree = BUILT_PRODUCTS_DIR;
		};
		5BE553BF15E6426F000F78BA /* RestKitResources.bundle */ = {
			isa = PBXReferenceProxy;
			fileType = wrapper.cfbundle;
			path = RestKitResources.bundle;
			remoteRef = 5BE553BE15E6426F000F78BA /* PBXContainerItemProxy */;
			sourceTree = BUILT_PRODUCTS_DIR;
		};
/* End PBXReferenceProxy section */

/* Begin PBXResourcesBuildPhase section */
		5BE5532A15E622DC000F78BA /* Resources */ = {
			isa = PBXResourcesBuildPhase;
			buildActionMask = 2147483647;
			files = (
				5BDB85CF160340C600C093C9 /* ShareKit.bundle in Resources */,
				5BE5533B15E622DC000F78BA /* InfoPlist.strings in Resources */,
				5BE5534415E622DC000F78BA /* MainStoryboard.storyboard in Resources */,
				5BE5536F15E624AC000F78BA /* active-tab-bg.png in Resources */,
				5BE5537015E624AC000F78BA /* active-tab-bg@2x.png in Resources */,
				5BE5537115E624AC000F78BA /* collect-tab.png in Resources */,
				5BE5537215E624AC000F78BA /* collect-tab@2x.png in Resources */,
				5BE5537315E624AC000F78BA /* Default.png in Resources */,
				5BE5537415E624AC000F78BA /* Default@2x.png in Resources */,
				5BE5537515E624AC000F78BA /* fair-tab.png in Resources */,
				5BE5537615E624AC000F78BA /* fair-tab@2x.png in Resources */,
				5BE5537715E624AC000F78BA /* Icon.png in Resources */,
				5BE5537815E624AC000F78BA /* Icon@2x.png in Resources */,
				5BE5537915E624AC000F78BA /* me-tab.png in Resources */,
				5BE5537A15E624AC000F78BA /* me-tab@2x.png in Resources */,
				5BE5537B15E624AC000F78BA /* more-tab.png in Resources */,
				5BE5537C15E624AC000F78BA /* more-tab@2x.png in Resources */,
				5BE5537D15E624AC000F78BA /* news-tab.png in Resources */,
				5BE5537E15E624AC000F78BA /* news-tab@2x.png in Resources */,
				5BE5537F15E624AC000F78BA /* tab-bar-bg.png in Resources */,
				5BE5538015E624AC000F78BA /* tab-bar-bg@2x.png in Resources */,
				5BE5538315E625AE000F78BA /* collect-bg.png in Resources */,
				5BE5538415E625AE000F78BA /* collect-bg@2x.png in Resources */,
				5BE5538D15E62892000F78BA /* Apercu-Bold.otf in Resources */,
				5BE5538E15E62892000F78BA /* Apercu.otf in Resources */,
				5B923F9915E67DBF009B81B7 /* UnseenSeed.sqlite in Resources */,
				5B41B94515E7D22B00D64906 /* Map.png in Resources */,
				5B41B94E15E7F30E00D64906 /* Defaults.plist in Resources */,
				5B8BD26F15ECE7EB004285FC /* placeholder.png in Resources */,
				5B8BD27115ECE9BB004285FC /* placeholder-290.png in Resources */,
				5B8BD27A15ED122E004285FC /* placeholder-55.png in Resources */,
				5B03E9F015EF7910005058AA /* placeholder-130.png in Resources */,
				5B03E9F315EF890A005058AA /* collect-buttons.png in Resources */,
				5B03E9F415EF890A005058AA /* collect-buttons@2x.png in Resources */,
				5B416FF315EFB7EA0003E694 /* collect-work-button-active.png in Resources */,
				5B416FF415EFB7EA0003E694 /* collect-work-button-active@2x.png in Resources */,
				5B416FF515EFB7EA0003E694 /* collect-work-button.png in Resources */,
				5B416FF615EFB7EA0003E694 /* collect-work-button@2x.png in Resources */,
				5B2BBA2F15F0FD920058316C /* me-bg.png in Resources */,
				5B2BBA3015F0FD920058316C /* me-bg@2x.png in Resources */,
				5BD8280115F78E52005FCB79 /* favourite-button-active.png in Resources */,
				5BD8280215F78E52005FCB79 /* favourite-button-active@2x.png in Resources */,
				5BD8280315F78E52005FCB79 /* favourite-button.png in Resources */,
				5BD8280415F78E52005FCB79 /* favourite-button@2x.png in Resources */,
				5BD8280915F7A18E005FCB79 /* heart-active.png in Resources */,
				5BD8280A15F7A18E005FCB79 /* heart-active@2x.png in Resources */,
				5BD8280B15F7A18E005FCB79 /* heart.png in Resources */,
				5BD8280C15F7A18E005FCB79 /* heart@2x.png in Resources */,
				5BD8280F15F7A39B005FCB79 /* heart-selected.png in Resources */,
				5BD8281015F7A39B005FCB79 /* heart-selected@2x.png in Resources */,
				5B6C971617A6670A0092A31D /* Default-568h@2x.png in Resources */,
				5B799DCE17A92D4D00ABE3D8 /* Default-568h@2x.png in Resources */,
			);
			runOnlyForDeploymentPostprocessing = 0;
		};
/* End PBXResourcesBuildPhase section */

/* Begin PBXSourcesBuildPhase section */
		5BE5532815E622DC000F78BA /* Sources */ = {
			isa = PBXSourcesBuildPhase;
			buildActionMask = 2147483647;
			files = (
				5BE5533D15E622DC000F78BA /* main.m in Sources */,
				5BE5534115E622DC000F78BA /* AppDelegate.m in Sources */,
				5BE5534E15E622DC000F78BA /* CollectViewController.m in Sources */,
				5BE5539115E62B21000F78BA /* FairViewController.m in Sources */,
				5BE5539815E638C5000F78BA /* ProgrammeViewController.m in Sources */,
				5B923F9115E67310009B81B7 /* Unseen.xcdatamodel in Sources */,
				5B923F9715E67695009B81B7 /* Event.m in Sources */,
				5B923F9C15E6898E009B81B7 /* EventViewController.m in Sources */,
				5BBF7DDC15E7C23400C21F03 /* Gallery.m in Sources */,
				5BBF7DDF15E7C45800C21F03 /* GalleriesViewController.m in Sources */,
				5BBF7DE215E7CBD300C21F03 /* PhotographersViewController.m in Sources */,
				5B41B94815E7D29D00D64906 /* MapViewController.m in Sources */,
				5B8BD25115ECC1D1004285FC /* PhotographerViewController.m in Sources */,
				5B8BD26A15ECD364004285FC /* Photographer.m in Sources */,
				5B8BD26D15ECD705004285FC /* Photo.m in Sources */,
				5B8BD27415ECF0F7004285FC /* DDPageControl.m in Sources */,
				5BD375FA15EE18540027BA9E /* GalleryViewController.m in Sources */,
				5BD375FD15EE3E790027BA9E /* Page.m in Sources */,
				5B3D7A9A15EE5C89002B2D2F /* NewsViewController.m in Sources */,
				5B3D7A9D15EE6990002B2D2F /* NewsItemViewController.m in Sources */,
				5B3D7AA015EE74A8002B2D2F /* AboutViewController.m in Sources */,
				5B03E9EE15EF7219005058AA /* PhotosViewController.m in Sources */,
				5B750D2615EFA24200B2D770 /* PhotoViewController.m in Sources */,
				5B41701015EFC6F30003E694 /* ProfileViewController.m in Sources */,
				5B2BBA2915F0F5D20058316C /* Favourite.m in Sources */,
				5B87369215F50BB0000B12BD /* FavouritesSync.m in Sources */,
				5B5AB5B815F8F2D6001E5B3F /* ExploreViewController.m in Sources */,
				5BA8387316034D0A0074E59B /* UnseenShareKitConfigurator.m in Sources */,
			);
			runOnlyForDeploymentPostprocessing = 0;
		};
/* End PBXSourcesBuildPhase section */

/* Begin PBXTargetDependency section */
		5BBF7DD615E7AE2000C21F03 /* PBXTargetDependency */ = {
			isa = PBXTargetDependency;
			name = "SDWebImage ARC";
			targetProxy = 5BBF7DD515E7AE2000C21F03 /* PBXContainerItemProxy */;
		};
		5BDB85CA1603406100C093C9 /* PBXTargetDependency */ = {
			isa = PBXTargetDependency;
			name = "Static Library";
			targetProxy = 5BDB85C91603406100C093C9 /* PBXContainerItemProxy */;
		};
		5BDB85CC1603406500C093C9 /* PBXTargetDependency */ = {
			isa = PBXTargetDependency;
			name = "Resource Bundle";
			targetProxy = 5BDB85CB1603406500C093C9 /* PBXContainerItemProxy */;
		};
		5BE553C115E642E8000F78BA /* PBXTargetDependency */ = {
			isa = PBXTargetDependency;
			name = RestKit;
			targetProxy = 5BE553C015E642E8000F78BA /* PBXContainerItemProxy */;
		};
/* End PBXTargetDependency section */

/* Begin PBXVariantGroup section */
		5BE5533915E622DC000F78BA /* InfoPlist.strings */ = {
			isa = PBXVariantGroup;
			children = (
				5BE5533A15E622DC000F78BA /* en */,
			);
			name = InfoPlist.strings;
			sourceTree = "<group>";
		};
		5BE5534215E622DC000F78BA /* MainStoryboard.storyboard */ = {
			isa = PBXVariantGroup;
			children = (
				5BE5534315E622DC000F78BA /* en */,
			);
			name = MainStoryboard.storyboard;
			sourceTree = "<group>";
		};
/* End PBXVariantGroup section */

/* Begin XCBuildConfiguration section */
		5BE5535315E622DC000F78BA /* Debug */ = {
			isa = XCBuildConfiguration;
			buildSettings = {
				ALWAYS_SEARCH_USER_PATHS = NO;
				ARCHS = "$(ARCHS_STANDARD_32_BIT)";
				CLANG_ENABLE_OBJC_ARC = YES;
				CLANG_WARN_CONSTANT_CONVERSION = YES;
				CLANG_WARN_ENUM_CONVERSION = YES;
				CLANG_WARN_INT_CONVERSION = YES;
				CLANG_WARN__DUPLICATE_METHOD_MATCH = YES;
				"CODE_SIGN_IDENTITY[sdk=iphoneos*]" = "iPhone Developer";
				COPY_PHASE_STRIP = NO;
				GCC_C_LANGUAGE_STANDARD = gnu99;
				GCC_DYNAMIC_NO_PIC = NO;
				GCC_OPTIMIZATION_LEVEL = 0;
				GCC_PREPROCESSOR_DEFINITIONS = (
					"DEBUG=1",
					"$(inherited)",
				);
				GCC_SYMBOLS_PRIVATE_EXTERN = NO;
				GCC_VERSION = com.apple.compilers.llvm.clang.1_0;
				GCC_WARN_ABOUT_MISSING_PROTOTYPES = YES;
				GCC_WARN_ABOUT_RETURN_TYPE = YES;
				GCC_WARN_UNINITIALIZED_AUTOS = YES;
				GCC_WARN_UNUSED_VARIABLE = YES;
				HEADER_SEARCH_PATHS = "\"$(BUILT_PRODUCTS_DIR)/../../Headers\"";
				IPHONEOS_DEPLOYMENT_TARGET = 6.1;
				OTHER_LDFLAGS = (
					"-ObjC",
					"-all_load",
				);
				SDKROOT = iphoneos;
			};
			name = Debug;
		};
		5BE5535415E622DC000F78BA /* Release */ = {
			isa = XCBuildConfiguration;
			buildSettings = {
				ALWAYS_SEARCH_USER_PATHS = NO;
				ARCHS = "$(ARCHS_STANDARD_32_BIT)";
				CLANG_ENABLE_OBJC_ARC = YES;
				CLANG_WARN_CONSTANT_CONVERSION = YES;
				CLANG_WARN_ENUM_CONVERSION = YES;
				CLANG_WARN_INT_CONVERSION = YES;
				CLANG_WARN__DUPLICATE_METHOD_MATCH = YES;
				"CODE_SIGN_IDENTITY[sdk=iphoneos*]" = "iPhone Developer";
				COPY_PHASE_STRIP = YES;
				GCC_C_LANGUAGE_STANDARD = gnu99;
				GCC_VERSION = com.apple.compilers.llvm.clang.1_0;
				GCC_WARN_ABOUT_MISSING_PROTOTYPES = YES;
				GCC_WARN_ABOUT_RETURN_TYPE = YES;
				GCC_WARN_UNINITIALIZED_AUTOS = YES;
				GCC_WARN_UNUSED_VARIABLE = YES;
				HEADER_SEARCH_PATHS = "\"$(BUILT_PRODUCTS_DIR)/../../Headers\"";
				IPHONEOS_DEPLOYMENT_TARGET = 6.1;
				OTHER_CFLAGS = "-DNS_BLOCK_ASSERTIONS=1";
				OTHER_LDFLAGS = (
					"-ObjC",
					"-all_load",
				);
				SDKROOT = iphoneos;
				VALIDATE_PRODUCT = YES;
			};
			name = Release;
		};
		5BE5535615E622DC000F78BA /* Debug */ = {
			isa = XCBuildConfiguration;
			buildSettings = {
				ARCHS = armv7;
				GCC_PRECOMPILE_PREFIX_HEADER = YES;
				GCC_PREFIX_HEADER = "Unseen/Unseen-Prefix.pch";
				HEADER_SEARCH_PATHS = (
					"\"$(OBJROOT)/UninstalledProducts/include\"",
					"\"$(TARGET_BUILD_DIR)/usr/local/lib/include\"",
					"\"$(BUILT_PRODUCTS_DIR)/../../Headers\"",
				);
				INFOPLIST_FILE = "Unseen/Unseen-Info.plist";
				IPHONEOS_DEPLOYMENT_TARGET = 5.1;
				PRODUCT_NAME = "Unseen Photo Fair 2013";
				USER_HEADER_SEARCH_PATHS = "ShareKit/**";
				WRAPPER_EXTENSION = app;
			};
			name = Debug;
		};
		5BE5535715E622DC000F78BA /* Release */ = {
			isa = XCBuildConfiguration;
			buildSettings = {
				ARCHS = armv7;
				"CODE_SIGN_IDENTITY[sdk=iphoneos*]" = "iPhone Distribution";
				GCC_PRECOMPILE_PREFIX_HEADER = YES;
				GCC_PREFIX_HEADER = "Unseen/Unseen-Prefix.pch";
				HEADER_SEARCH_PATHS = (
					"\"$(OBJROOT)/UninstalledProducts/include\"",
					"\"$(TARGET_BUILD_DIR)/usr/local/lib/include\"",
					"\"$(BUILT_PRODUCTS_DIR)/../../Headers\"",
				);
				INFOPLIST_FILE = "Unseen/Unseen-Info.plist";
				IPHONEOS_DEPLOYMENT_TARGET = 5.1;
				PRODUCT_NAME = "Unseen Photo Fair 2013";
				"PROVISIONING_PROFILE[sdk=iphoneos*]" = "";
				USER_HEADER_SEARCH_PATHS = "ShareKit/**";
				WRAPPER_EXTENSION = app;
			};
			name = Release;
		};
/* End XCBuildConfiguration section */

/* Begin XCConfigurationList section */
		5BE5532615E622DC000F78BA /* Build configuration list for PBXProject "Unseen" */ = {
			isa = XCConfigurationList;
			buildConfigurations = (
				5BE5535315E622DC000F78BA /* Debug */,
				5BE5535415E622DC000F78BA /* Release */,
			);
			defaultConfigurationIsVisible = 0;
			defaultConfigurationName = Release;
		};
		5BE5535515E622DC000F78BA /* Build configuration list for PBXNativeTarget "Unseen" */ = {
			isa = XCConfigurationList;
			buildConfigurations = (
				5BE5535615E622DC000F78BA /* Debug */,
				5BE5535715E622DC000F78BA /* Release */,
			);
			defaultConfigurationIsVisible = 0;
			defaultConfigurationName = Release;
		};
/* End XCConfigurationList section */
	};
	rootObject = 5BE5532315E622DC000F78BA /* Project object */;
}
